
Microsoft Visual Studio Solution File, Format Version 12.00
# Visual Studio Version 17
VisualStudioVersion = 17.14.36221.1
MinimumVisualStudioVersion = 10.0.40219.1
Project("{FAE04EC0-301F-11D3-BF4B-00C04F79EFBC}") = "Restaurants.API", "Restaurants.API\Restaurants.API.csproj", "{C3F3C009-088E-4BA1-18AC-FD16FAA7DCC4}"
EndProject
Project("{FAE04EC0-301F-11D3-BF4B-00C04F79EFBC}") = "Restaurants.Application", "Restaurants.Application\Restaurants.Application.csproj", "{710E738B-B36F-44F9-8D68-AC25DFE91918}"
EndProject
Project("{FAE04EC0-301F-11D3-BF4B-00C04F79EFBC}") = "Restaurants.Domain", "Restaurants.Domain\Restaurants.Domain.csproj", "{40347C7D-4333-43C9-A790-7F136CCBF7DD}"
EndProject
Project("{FAE04EC0-301F-11D3-BF4B-00C04F79EFBC}") = "Restaurants.Infrastructure", "Restaurants.Infrastructure\Restaurants.Infrastructure.csproj", "{D4CD21A4-F5EB-4BAE-8D4F-973F20937C70}"
EndProject
Project("{FAE04EC0-301F-11D3-BF4B-00C04F79EFBC}") = "Restaurants.Application.Tests", "Restaurants.Application.Tests\Restaurants.Application.Tests.csproj", "{15189392-FD36-4707-A1D5-4C6DEC04EABC}"
EndProject
Project("{FAE04EC0-301F-11D3-BF4B-00C04F79EFBC}") = "Restaurants.Infrastructure.Tests", "Restaurants.Infrastructure.Tests\Restaurants.Infrastructure.Tests.csproj", "{81C2755B-BDFC-49F9-B7C4-A8CE20E12E82}"
EndProject
Project("{FAE04EC0-301F-11D3-BF4B-00C04F79EFBC}") = "Restaurants.API.Tests", "Restaurants.API.Tests\Restaurants.API.Tests.csproj", "{58D8839B-45AA-4923-8D82-73EFC1365BFE}"
EndProject
Global
	GlobalSection(SolutionConfigurationPlatforms) = preSolution
		Debug|Any CPU = Debug|Any CPU
		Release|Any CPU = Release|Any CPU
	EndGlobalSection
	GlobalSection(ProjectConfigurationPlatforms) = postSolution
		{C3F3C009-088E-4BA1-18AC-FD16FAA7DCC4}.Debug|Any CPU.ActiveCfg = Debug|Any CPU
		{C3F3C009-088E-4BA1-18AC-FD16FAA7DCC4}.Debug|Any CPU.Build.0 = Debug|Any CPU
		{C3F3C009-088E-4BA1-18AC-FD16FAA7DCC4}.Release|Any CPU.ActiveCfg = Release|Any CPU
		{C3F3C009-088E-4BA1-18AC-FD16FAA7DCC4}.Release|Any CPU.Build.0 = Release|Any CPU
		{710E738B-B36F-44F9-8D68-AC25DFE91918}.Debug|Any CPU.ActiveCfg = Debug|Any CPU
		{710E738B-B36F-44F9-8D68-AC25DFE91918}.Debug|Any CPU.Build.0 = Debug|Any CPU
		{710E738B-B36F-44F9-8D68-AC25DFE91918}.Release|Any CPU.ActiveCfg = Release|Any CPU
		{710E738B-B36F-44F9-8D68-AC25DFE91918}.Release|Any CPU.Build.0 = Release|Any CPU
		{40347C7D-4333-43C9-A790-7F136CCBF7DD}.Debug|Any CPU.ActiveCfg = Debug|Any CPU
		{40347C7D-4333-43C9-A790-7F136CCBF7DD}.Debug|Any CPU.Build.0 = Debug|Any CPU
		{40347C7D-4333-43C9-A790-7F136CCBF7DD}.Release|Any CPU.ActiveCfg = Release|Any CPU
		{40347C7D-4333-43C9-A790-7F136CCBF7DD}.Release|Any CPU.Build.0 = Release|Any CPU
		{D4CD21A4-F5EB-4BAE-8D4F-973F20937C70}.Debug|Any CPU.ActiveCfg = Debug|Any CPU
		{D4CD21A4-F5EB-4BAE-8D4F-973F20937C70}.Debug|Any CPU.Build.0 = Debug|Any CPU
		{D4CD21A4-F5EB-4BAE-8D4F-973F20937C70}.Release|Any CPU.ActiveCfg = Release|Any CPU
		{D4CD21A4-F5EB-4BAE-8D4F-973F20937C70}.Release|Any CPU.Build.0 = Release|Any CPU
		{15189392-FD36-4707-A1D5-4C6DEC04EABC}.Debug|Any CPU.ActiveCfg = Debug|Any CPU
		{15189392-FD36-4707-A1D5-4C6DEC04EABC}.Debug|Any CPU.Build.0 = Debug|Any CPU
		{15189392-FD36-4707-A1D5-4C6DEC04EABC}.Release|Any CPU.ActiveCfg = Release|Any CPU
		{15189392-FD36-4707-A1D5-4C6DEC04EABC}.Release|Any CPU.Build.0 = Release|Any CPU
		{81C2755B-BDFC-49F9-B7C4-A8CE20E12E82}.Debug|Any CPU.ActiveCfg = Debug|Any CPU
		{81C2755B-BDFC-49F9-B7C4-A8CE20E12E82}.Debug|Any CPU.Build.0 = Debug|Any CPU
		{81C2755B-BDFC-49F9-B7C4-A8CE20E12E82}.Release|Any CPU.ActiveCfg = Release|Any CPU
		{81C2755B-BDFC-49F9-B7C4-A8CE20E12E82}.Release|Any CPU.Build.0 = Release|Any CPU
		{58D8839B-45AA-4923-8D82-73EFC1365BFE}.Debug|Any CPU.ActiveCfg = Debug|Any CPU
		{58D8839B-45AA-4923-8D82-73EFC1365BFE}.Debug|Any CPU.Build.0 = Debug|Any CPU
		{58D8839B-45AA-4923-8D82-73EFC1365BFE}.Release|Any CPU.ActiveCfg = Release|Any CPU
		{58D8839B-45AA-4923-8D82-73EFC1365BFE}.Release|Any CPU.Build.0 = Release|Any CPU
	EndGlobalSection
	GlobalSection(SolutionProperties) = preSolution
		HideSolutionNode = FALSE
	EndGlobalSection
	GlobalSection(ExtensibilityGlobals) = postSolution
		SolutionGuid = {BE5F2466-D562-4587-BB16-9214DFE48D8F}
	EndGlobalSection
EndGlobal
